
Microsoft Visual Studio Solution File, Format Version 12.00
# Visual Studio Version 16
VisualStudioVersion = 16.0.31424.327
MinimumVisualStudioVersion = 10.0.40219.1
Project("{8BC9CEB8-8B4A-11D0-8D11-00A0C91BC942}") = "WebInject", "WebInject\WebInject.vcxproj", "{FC796D49-AD85-46BF-A32F-B269F65E48FD}"
EndProject
Global
	GlobalSection(SolutionConfigurationPlatforms) = preSolution
		Debug|x64 = Debug|x64
		Debug|x86 = Debug|x86
		Release|x64 = Release|x64
		Release|x86 = Release|x86
	EndGlobalSection
	GlobalSection(ProjectConfigurationPlatforms) = postSolution
		{FC796D49-AD85-46BF-A32F-B269F65E48FD}.Debug|x64.ActiveCfg = Debug|x64
		{FC796D49-AD85-46BF-A32F-B269F65E48FD}.Debug|x64.Build.0 = Debug|x64
		{FC796D49-AD85-46BF-A32F-B269F65E48FD}.Debug|x86.ActiveCfg = Debug|Win32
		{FC796D49-AD85-46BF-A32F-B269F65E48FD}.Debug|x86.Build.0 = Debug|Win32
		{FC796D49-AD85-46BF-A32F-B269F65E48FD}.Release|x64.ActiveCfg = Release|x64
		{FC796D49-AD85-46BF-A32F-B269F65E48FD}.Release|x64.Build.0 = Release|x64
		{FC796D49-AD85-46BF-A32F-B269F65E48FD}.Release|x86.ActiveCfg = Release|Win32
		{FC796D49-AD85-46BF-A32F-B269F65E48FD}.Release|x86.Build.0 = Release|Win32
	EndGlobalSection
	GlobalSection(SolutionProperties) = preSolution
		HideSolutionNode = FALSE
	EndGlobalSection
	GlobalSection(ExtensibilityGlobals) = postSolution
		SolutionGuid = {464C4711-D03D-4064-BA8E-02C97A5614C0}
	EndGlobalSection
EndGlobal
